# This file is automatically @generated by Poetry 1.5.1 and should not be changed by hand.

[[package]]
name = "gpsd-py3"
version = "0.3.0"
description = "Python 3 library for working with gpsd"
optional = false
python-versions = "*"
files = [
    {file = "gpsd-py3-0.3.0.tar.gz", hash = "sha256:2908d3bd78dfb6720ecfe22f97e139b5a4a198f38df3a77215cf644a33513192"},
]

[metadata]
lock-version = "2.0"
python-versions = "^3.11"
content-hash = "852f3b305a5e59cfd54ac1e8564829e1413ae587219a837c8310217ce8f5b341"
